
Microsoft Visual Studio Solution File, Format Version 12.00
# Visual Studio Version 17
VisualStudioVersion = 17.14.36109.1
MinimumVisualStudioVersion = 10.0.40219.1
Project("{FAE04EC0-301F-11D3-BF4B-00C04F79EFBC}") = "SDServer", "SDServer.csproj", "{87324850-F982-41E3-B1CE-614334359AA5}"
EndProject
Project("{FAE04EC0-301F-11D3-BF4B-00C04F79EFBC}") = "PRSLib", "..\..\PRSServer\PRSLib\PRSLib.csproj", "{7DF7F66B-D68D-4DDD-9326-988B6E6B2ABC}"
EndProject
Project("{FAE04EC0-301F-11D3-BF4B-00C04F79EFBC}") = "SDClient", "..\SDClient\SDClient.csproj", "{72465233-5A56-485D-B0EE-821846EAE7E0}"
EndProject
Project("{FAE04EC0-301F-11D3-BF4B-00C04F79EFBC}") = "SDServerTests", "..\SDServerTests\SDServerTests.csproj", "{75DE4C33-8E00-48E6-85AA-C312403B4D85}"
EndProject
Global
	GlobalSection(SolutionConfigurationPlatforms) = preSolution
		Debug|Any CPU = Debug|Any CPU
		Release|Any CPU = Release|Any CPU
	EndGlobalSection
	GlobalSection(ProjectConfigurationPlatforms) = postSolution
		{87324850-F982-41E3-B1CE-614334359AA5}.Debug|Any CPU.ActiveCfg = Debug|Any CPU
		{87324850-F982-41E3-B1CE-614334359AA5}.Debug|Any CPU.Build.0 = Debug|Any CPU
		{87324850-F982-41E3-B1CE-614334359AA5}.Release|Any CPU.ActiveCfg = Release|Any CPU
		{87324850-F982-41E3-B1CE-614334359AA5}.Release|Any CPU.Build.0 = Release|Any CPU
		{7DF7F66B-D68D-4DDD-9326-988B6E6B2ABC}.Debug|Any CPU.ActiveCfg = Debug|Any CPU
		{7DF7F66B-D68D-4DDD-9326-988B6E6B2ABC}.Debug|Any CPU.Build.0 = Debug|Any CPU
		{7DF7F66B-D68D-4DDD-9326-988B6E6B2ABC}.Release|Any CPU.ActiveCfg = Release|Any CPU
		{7DF7F66B-D68D-4DDD-9326-988B6E6B2ABC}.Release|Any CPU.Build.0 = Release|Any CPU
		{72465233-5A56-485D-B0EE-821846EAE7E0}.Debug|Any CPU.ActiveCfg = Debug|Any CPU
		{72465233-5A56-485D-B0EE-821846EAE7E0}.Debug|Any CPU.Build.0 = Debug|Any CPU
		{72465233-5A56-485D-B0EE-821846EAE7E0}.Release|Any CPU.ActiveCfg = Release|Any CPU
		{72465233-5A56-485D-B0EE-821846EAE7E0}.Release|Any CPU.Build.0 = Release|Any CPU
		{75DE4C33-8E00-48E6-85AA-C312403B4D85}.Debug|Any CPU.ActiveCfg = Debug|Any CPU
		{75DE4C33-8E00-48E6-85AA-C312403B4D85}.Debug|Any CPU.Build.0 = Debug|Any CPU
		{75DE4C33-8E00-48E6-85AA-C312403B4D85}.Release|Any CPU.ActiveCfg = Release|Any CPU
		{75DE4C33-8E00-48E6-85AA-C312403B4D85}.Release|Any CPU.Build.0 = Release|Any CPU
	EndGlobalSection
	GlobalSection(SolutionProperties) = preSolution
		HideSolutionNode = FALSE
	EndGlobalSection
	GlobalSection(ExtensibilityGlobals) = postSolution
		SolutionGuid = {BE775A69-7F75-4B73-92FE-3E4087DBE125}
	EndGlobalSection
EndGlobal
