
Microsoft Visual Studio Solution File, Format Version 12.00
# Visual Studio Version 17
VisualStudioVersion = 17.14.36109.1
MinimumVisualStudioVersion = 10.0.40219.1
Project("{FAE04EC0-301F-11D3-BF4B-00C04F79EFBC}") = "Browser", "Browser.csproj", "{5A60E7E4-B7A9-4B8C-8FB8-E342A1C78896}"
EndProject
Project("{FAE04EC0-301F-11D3-BF4B-00C04F79EFBC}") = "SDClient", "..\SDServer\SDClient\SDClient.csproj", "{4C52682B-0226-4FF5-8A56-28A98AED60D5}"
EndProject
Project("{FAE04EC0-301F-11D3-BF4B-00C04F79EFBC}") = "FTLib", "..\FTServer\FTLib\FTLib.csproj", "{4A027444-D110-2401-6913-49EC93417C54}"
EndProject
Global
	GlobalSection(SolutionConfigurationPlatforms) = preSolution
		Debug|Any CPU = Debug|Any CPU
		Release|Any CPU = Release|Any CPU
	EndGlobalSection
	GlobalSection(ProjectConfigurationPlatforms) = postSolution
		{5A60E7E4-B7A9-4B8C-8FB8-E342A1C78896}.Debug|Any CPU.ActiveCfg = Debug|Any CPU
		{5A60E7E4-B7A9-4B8C-8FB8-E342A1C78896}.Debug|Any CPU.Build.0 = Debug|Any CPU
		{5A60E7E4-B7A9-4B8C-8FB8-E342A1C78896}.Release|Any CPU.ActiveCfg = Release|Any CPU
		{5A60E7E4-B7A9-4B8C-8FB8-E342A1C78896}.Release|Any CPU.Build.0 = Release|Any CPU
		{4C52682B-0226-4FF5-8A56-28A98AED60D5}.Debug|Any CPU.ActiveCfg = Debug|Any CPU
		{4C52682B-0226-4FF5-8A56-28A98AED60D5}.Debug|Any CPU.Build.0 = Debug|Any CPU
		{4C52682B-0226-4FF5-8A56-28A98AED60D5}.Release|Any CPU.ActiveCfg = Release|Any CPU
		{4C52682B-0226-4FF5-8A56-28A98AED60D5}.Release|Any CPU.Build.0 = Release|Any CPU
		{4A027444-D110-2401-6913-49EC93417C54}.Debug|Any CPU.ActiveCfg = Debug|Any CPU
		{4A027444-D110-2401-6913-49EC93417C54}.Debug|Any CPU.Build.0 = Debug|Any CPU
		{4A027444-D110-2401-6913-49EC93417C54}.Release|Any CPU.ActiveCfg = Release|Any CPU
		{4A027444-D110-2401-6913-49EC93417C54}.Release|Any CPU.Build.0 = Release|Any CPU
	EndGlobalSection
	GlobalSection(SolutionProperties) = preSolution
		HideSolutionNode = FALSE
	EndGlobalSection
	GlobalSection(ExtensibilityGlobals) = postSolution
		SolutionGuid = {E1B88EA2-DDA3-4CDE-A9D4-70FE0DD0D472}
	EndGlobalSection
EndGlobal
